lockfileVersion: '9.0'

settings:
  autoInstallPeers: true
  excludeLinksFromLockfile: false

importers:

  .:
    devDependencies:
      '@tsconfig/node-ts':
        specifier: ^23.6.1
        version: 23.6.1
      '@tsconfig/node22':
        specifier: ^22.0.2
        version: 22.0.2
      '@tsconfig/strictest':
        specifier: ^2.0.6
        version: 2.0.6
      '@types/node':
        specifier: ^24.7.0
        version: 24.7.0
      typescript:
        specifier: ^5.9.3
        version: 5.9.3

packages:

  '@tsconfig/node-ts@23.6.1':
    resolution: {integrity: sha512-1E5cUp+S65pLKKI9VrGMQPWDHxOEq3dAGM2onG3fLeSRwWbylYFwhIjnzJikjSN7w2nCgwxmv8ifvUKDFkK38Q==}

  '@tsconfig/node22@22.0.2':
    resolution: {integrity: sha512-Kmwj4u8sDRDrMYRoN9FDEcXD8UpBSaPQQ24Gz+Gamqfm7xxn+GBR7ge/Z7pK8OXNGyUzbSwJj+TH6B+DS/epyA==}

  '@tsconfig/strictest@2.0.6':
    resolution: {integrity: sha512-tPOhmDhIUcDjvpDDYyiUdssP84Eqm7n5KxJe5J3/g+s6xoDIPAf+SIn06dhw7VkhxIvLOnhDDrX7tsqMHNEhDg==}

  '@types/node@24.7.0':
    resolution: {integrity: sha512-IbKooQVqUBrlzWTi79E8Fw78l8k1RNtlDDNWsFZs7XonuQSJ8oNYfEeclhprUldXISRMLzBpILuKgPlIxm+/Yw==}

  typescript@5.9.3:
    resolution: {integrity: sha512-jl1vZzPDinLr9eUt3J/t7V6FgNEw9QjvBPdysz9KfQDD41fQrC2Y4vKQdiaUpFT4bXlb1RHhLpp8wtm6M5TgSw==}
    engines: {node: '>=14.17'}
    hasBin: true

  undici-types@7.14.0:
    resolution: {integrity: sha512-QQiYxHuyZ9gQUIrmPo3IA+hUl4KYk8uSA7cHrcKd/l3p1OTpZcM0Tbp9x7FAtXdAYhlasd60ncPpgu6ihG6TOA==}

snapshots:

  '@tsconfig/node-ts@23.6.1': {}

  '@tsconfig/node22@22.0.2': {}

  '@tsconfig/strictest@2.0.6': {}

  '@types/node@24.7.0':
    dependencies:
      undici-types: 7.14.0

  typescript@5.9.3: {}

  undici-types@7.14.0: {}
